
Microsoft Visual Studio Solution File, Format Version 12.00
# Visual Studio 15
VisualStudioVersion = 15.0.26124.0
MinimumVisualStudioVersion = 15.0.26124.0
Project("{2150E333-8FDC-42A3-9474-1A3956D46DE8}") = "src", "src", "{A230A808-03EA-41C5-9322-5A894CC6A5C2}"
EndProject
Project("{FAE04EC0-301F-11D3-BF4B-00C04F79EFBC}") = "GradeBook", "src\GradeBook\GradeBook.csproj", "{B0D7DA78-38E4-42EA-B535-CDAD0A9D03AF}"
EndProject
Project("{2150E333-8FDC-42A3-9474-1A3956D46DE8}") = "test", "test", "{97658408-3730-4D3D-9217-36EB67313779}"
EndProject
Project("{FAE04EC0-301F-11D3-BF4B-00C04F79EFBC}") = "GradeBook.Tests", "test\GradeBook.Tests\GradeBook.Tests.csproj", "{C6CFFC6B-26DB-4158-96A5-CA61448DB648}"
EndProject
Global
	GlobalSection(SolutionConfigurationPlatforms) = preSolution
		Debug|Any CPU = Debug|Any CPU
		Debug|x64 = Debug|x64
		Debug|x86 = Debug|x86
		Release|Any CPU = Release|Any CPU
		Release|x64 = Release|x64
		Release|x86 = Release|x86
	EndGlobalSection
	GlobalSection(SolutionProperties) = preSolution
		HideSolutionNode = FALSE
	EndGlobalSection
	GlobalSection(ProjectConfigurationPlatforms) = postSolution
		{B0D7DA78-38E4-42EA-B535-CDAD0A9D03AF}.Debug|Any CPU.ActiveCfg = Debug|Any CPU
		{B0D7DA78-38E4-42EA-B535-CDAD0A9D03AF}.Debug|Any CPU.Build.0 = Debug|Any CPU
		{B0D7DA78-38E4-42EA-B535-CDAD0A9D03AF}.Debug|x64.ActiveCfg = Debug|Any CPU
		{B0D7DA78-38E4-42EA-B535-CDAD0A9D03AF}.Debug|x64.Build.0 = Debug|Any CPU
		{B0D7DA78-38E4-42EA-B535-CDAD0A9D03AF}.Debug|x86.ActiveCfg = Debug|Any CPU
		{B0D7DA78-38E4-42EA-B535-CDAD0A9D03AF}.Debug|x86.Build.0 = Debug|Any CPU
		{B0D7DA78-38E4-42EA-B535-CDAD0A9D03AF}.Release|Any CPU.ActiveCfg = Release|Any CPU
		{B0D7DA78-38E4-42EA-B535-CDAD0A9D03AF}.Release|Any CPU.Build.0 = Release|Any CPU
		{B0D7DA78-38E4-42EA-B535-CDAD0A9D03AF}.Release|x64.ActiveCfg = Release|Any CPU
		{B0D7DA78-38E4-42EA-B535-CDAD0A9D03AF}.Release|x64.Build.0 = Release|Any CPU
		{B0D7DA78-38E4-42EA-B535-CDAD0A9D03AF}.Release|x86.ActiveCfg = Release|Any CPU
		{B0D7DA78-38E4-42EA-B535-CDAD0A9D03AF}.Release|x86.Build.0 = Release|Any CPU
		{C6CFFC6B-26DB-4158-96A5-CA61448DB648}.Debug|Any CPU.ActiveCfg = Debug|Any CPU
		{C6CFFC6B-26DB-4158-96A5-CA61448DB648}.Debug|Any CPU.Build.0 = Debug|Any CPU
		{C6CFFC6B-26DB-4158-96A5-CA61448DB648}.Debug|x64.ActiveCfg = Debug|Any CPU
		{C6CFFC6B-26DB-4158-96A5-CA61448DB648}.Debug|x64.Build.0 = Debug|Any CPU
		{C6CFFC6B-26DB-4158-96A5-CA61448DB648}.Debug|x86.ActiveCfg = Debug|Any CPU
		{C6CFFC6B-26DB-4158-96A5-CA61448DB648}.Debug|x86.Build.0 = Debug|Any CPU
		{C6CFFC6B-26DB-4158-96A5-CA61448DB648}.Release|Any CPU.ActiveCfg = Release|Any CPU
		{C6CFFC6B-26DB-4158-96A5-CA61448DB648}.Release|Any CPU.Build.0 = Release|Any CPU
		{C6CFFC6B-26DB-4158-96A5-CA61448DB648}.Release|x64.ActiveCfg = Release|Any CPU
		{C6CFFC6B-26DB-4158-96A5-CA61448DB648}.Release|x64.Build.0 = Release|Any CPU
		{C6CFFC6B-26DB-4158-96A5-CA61448DB648}.Release|x86.ActiveCfg = Release|Any CPU
		{C6CFFC6B-26DB-4158-96A5-CA61448DB648}.Release|x86.Build.0 = Release|Any CPU
	EndGlobalSection
	GlobalSection(NestedProjects) = preSolution
		{B0D7DA78-38E4-42EA-B535-CDAD0A9D03AF} = {A230A808-03EA-41C5-9322-5A894CC6A5C2}
		{C6CFFC6B-26DB-4158-96A5-CA61448DB648} = {97658408-3730-4D3D-9217-36EB67313779}
	EndGlobalSection
EndGlobal
